{
  "version": 4,
  "terraform_version": "1.9.5",
  "serial": 3,
  "lineage": "7ccf9fdd-d6bb-21be-3562-89d7134bd6c7",
  "outputs": {},
  "resources": [
    {
      "mode": "managed",
      "type": "aws_cloudfront_origin_access_control",
      "name": "default",
      "provider": "provider[\"registry.terraform.io/hashicorp/aws\"]",
      "instances": [
        {
          "schema_version": 0,
          "attributes": {
            "description": "Example OAC",
            "etag": "ETVPDKIKX0DER",
            "id": "E18J7GTI30GGNS",
            "name": "example_oac",
            "origin_access_control_origin_type": "s3",
            "signing_behavior": "always",
            "signing_protocol": "sigv4"
          },
          "sensitive_attributes": [],
          "private": "bnVsbA=="
        }
      ]
    }
  ],
  "check_results": null
}
